
Microsoft Visual Studio Solution File, Format Version 12.00
# Visual Studio 15
VisualStudioVersion = 15.0.27004.2002
MinimumVisualStudioVersion = 10.0.40219.1
Project("{FAE04EC0-301F-11D3-BF4B-00C04F79EFBC}") = "ExpenseIt", "ExpenseIt\ExpenseIt.csproj", "{48B00085-43D7-4A16-8645-9A3E4030DE15}"
EndProject
Global
	GlobalSection(SolutionConfigurationPlatforms) = preSolution
		Debug|Any CPU = Debug|Any CPU
		Release|Any CPU = Release|Any CPU
	EndGlobalSection
	GlobalSection(ProjectConfigurationPlatforms) = postSolution
		{48B00085-43D7-4A16-8645-9A3E4030DE15}.Debug|Any CPU.ActiveCfg = Debug|Any CPU
		{48B00085-43D7-4A16-8645-9A3E4030DE15}.Debug|Any CPU.Build.0 = Debug|Any CPU
		{48B00085-43D7-4A16-8645-9A3E4030DE15}.Release|Any CPU.ActiveCfg = Release|Any CPU
		{48B00085-43D7-4A16-8645-9A3E4030DE15}.Release|Any CPU.Build.0 = Release|Any CPU
	EndGlobalSection
	GlobalSection(SolutionProperties) = preSolution
		HideSolutionNode = FALSE
	EndGlobalSection
	GlobalSection(ExtensibilityGlobals) = postSolution
		SolutionGuid = {FE3418CB-CEAF-4219-8636-BF3ECDA2A02E}
	EndGlobalSection
EndGlobal
